
Microsoft Visual Studio Solution File, Format Version 12.00
# Visual Studio Version 16
VisualStudioVersion = 16.0.29728.190
MinimumVisualStudioVersion = 10.0.40219.1
Project("{FAE04EC0-301F-11D3-BF4B-00C04F79EFBC}") = "Entities", "Entities\Entities.csproj", "{476DA215-8F39-4EFE-8193-BE422F2FBD26}"
EndProject
Project("{FAE04EC0-301F-11D3-BF4B-00C04F79EFBC}") = "DataAccess", "DataAccess\DataAccess.csproj", "{AE51325C-C714-48D6-8529-8D555DD9856D}"
EndProject
Project("{FAE04EC0-301F-11D3-BF4B-00C04F79EFBC}") = "Business", "Business\Business.csproj", "{03D4BB90-AB0F-4159-A4F8-FD7112434853}"
EndProject
Project("{FAE04EC0-301F-11D3-BF4B-00C04F79EFBC}") = "Core", "Core\Core.csproj", "{86418B26-9248-4372-8977-9411F85170B0}"
EndProject
Project("{FAE04EC0-301F-11D3-BF4B-00C04F79EFBC}") = "WebAPI", "WebAPI\WebAPI.csproj", "{87227880-E63E-4D1D-8F36-98814318477C}"
EndProject
Global
	GlobalSection(SolutionConfigurationPlatforms) = preSolution
		Debug|Any CPU = Debug|Any CPU
		Release|Any CPU = Release|Any CPU
	EndGlobalSection
	GlobalSection(ProjectConfigurationPlatforms) = postSolution
		{476DA215-8F39-4EFE-8193-BE422F2FBD26}.Debug|Any CPU.ActiveCfg = Debug|Any CPU
		{476DA215-8F39-4EFE-8193-BE422F2FBD26}.Debug|Any CPU.Build.0 = Debug|Any CPU
		{476DA215-8F39-4EFE-8193-BE422F2FBD26}.Release|Any CPU.ActiveCfg = Release|Any CPU
		{476DA215-8F39-4EFE-8193-BE422F2FBD26}.Release|Any CPU.Build.0 = Release|Any CPU
		{AE51325C-C714-48D6-8529-8D555DD9856D}.Debug|Any CPU.ActiveCfg = Debug|Any CPU
		{AE51325C-C714-48D6-8529-8D555DD9856D}.Debug|Any CPU.Build.0 = Debug|Any CPU
		{AE51325C-C714-48D6-8529-8D555DD9856D}.Release|Any CPU.ActiveCfg = Release|Any CPU
		{AE51325C-C714-48D6-8529-8D555DD9856D}.Release|Any CPU.Build.0 = Release|Any CPU
		{03D4BB90-AB0F-4159-A4F8-FD7112434853}.Debug|Any CPU.ActiveCfg = Debug|Any CPU
		{03D4BB90-AB0F-4159-A4F8-FD7112434853}.Debug|Any CPU.Build.0 = Debug|Any CPU
		{03D4BB90-AB0F-4159-A4F8-FD7112434853}.Release|Any CPU.ActiveCfg = Release|Any CPU
		{03D4BB90-AB0F-4159-A4F8-FD7112434853}.Release|Any CPU.Build.0 = Release|Any CPU
		{86418B26-9248-4372-8977-9411F85170B0}.Debug|Any CPU.ActiveCfg = Debug|Any CPU
		{86418B26-9248-4372-8977-9411F85170B0}.Debug|Any CPU.Build.0 = Debug|Any CPU
		{86418B26-9248-4372-8977-9411F85170B0}.Release|Any CPU.ActiveCfg = Release|Any CPU
		{86418B26-9248-4372-8977-9411F85170B0}.Release|Any CPU.Build.0 = Release|Any CPU
		{87227880-E63E-4D1D-8F36-98814318477C}.Debug|Any CPU.ActiveCfg = Debug|Any CPU
		{87227880-E63E-4D1D-8F36-98814318477C}.Debug|Any CPU.Build.0 = Debug|Any CPU
		{87227880-E63E-4D1D-8F36-98814318477C}.Release|Any CPU.ActiveCfg = Release|Any CPU
		{87227880-E63E-4D1D-8F36-98814318477C}.Release|Any CPU.Build.0 = Release|Any CPU
	EndGlobalSection
	GlobalSection(SolutionProperties) = preSolution
		HideSolutionNode = FALSE
	EndGlobalSection
	GlobalSection(ExtensibilityGlobals) = postSolution
		SolutionGuid = {CF13CC68-E2E8-404D-8083-181C92D21BC2}
	EndGlobalSection
EndGlobal
